
Microsoft Visual Studio Solution File, Format Version 12.00
# Visual Studio Version 16
VisualStudioVersion = 16.0.31105.61
MinimumVisualStudioVersion = 10.0.40219.1
Project("{9A19103F-16F7-4668-BE54-9A1E7A4F7556}") = "Microblink.Library.Api", "Microblink.Library\Microblink.Library.Api.csproj", "{BB5964A4-42DD-4FC3-8359-46546C1C881C}"
EndProject
Project("{9A19103F-16F7-4668-BE54-9A1E7A4F7556}") = "Microblink.Common", "Microblink.Common\Microblink.Common.csproj", "{6A71C467-ECAD-4241-89A8-2C8609F6BD38}"
EndProject
Project("{9A19103F-16F7-4668-BE54-9A1E7A4F7556}") = "Microblink.Library.Services", "MIcroblink.Library.Services\Microblink.Library.Services.csproj", "{B06DA822-1443-425C-A87C-7D0801244618}"
EndProject
Global
	GlobalSection(SolutionConfigurationPlatforms) = preSolution
		Debug|Any CPU = Debug|Any CPU
		Release|Any CPU = Release|Any CPU
	EndGlobalSection
	GlobalSection(ProjectConfigurationPlatforms) = postSolution
		{BB5964A4-42DD-4FC3-8359-46546C1C881C}.Debug|Any CPU.ActiveCfg = Debug|Any CPU
		{BB5964A4-42DD-4FC3-8359-46546C1C881C}.Debug|Any CPU.Build.0 = Debug|Any CPU
		{BB5964A4-42DD-4FC3-8359-46546C1C881C}.Release|Any CPU.ActiveCfg = Release|Any CPU
		{BB5964A4-42DD-4FC3-8359-46546C1C881C}.Release|Any CPU.Build.0 = Release|Any CPU
		{6A71C467-ECAD-4241-89A8-2C8609F6BD38}.Debug|Any CPU.ActiveCfg = Debug|Any CPU
		{6A71C467-ECAD-4241-89A8-2C8609F6BD38}.Debug|Any CPU.Build.0 = Debug|Any CPU
		{6A71C467-ECAD-4241-89A8-2C8609F6BD38}.Release|Any CPU.ActiveCfg = Release|Any CPU
		{6A71C467-ECAD-4241-89A8-2C8609F6BD38}.Release|Any CPU.Build.0 = Release|Any CPU
		{B06DA822-1443-425C-A87C-7D0801244618}.Debug|Any CPU.ActiveCfg = Debug|Any CPU
		{B06DA822-1443-425C-A87C-7D0801244618}.Debug|Any CPU.Build.0 = Debug|Any CPU
		{B06DA822-1443-425C-A87C-7D0801244618}.Release|Any CPU.ActiveCfg = Release|Any CPU
		{B06DA822-1443-425C-A87C-7D0801244618}.Release|Any CPU.Build.0 = Release|Any CPU
	EndGlobalSection
	GlobalSection(SolutionProperties) = preSolution
		HideSolutionNode = FALSE
	EndGlobalSection
	GlobalSection(ExtensibilityGlobals) = postSolution
		SolutionGuid = {E8227461-DBC3-4740-A103-104D2FA0B9DD}
	EndGlobalSection
EndGlobal
